
Microsoft Visual Studio Solution File, Format Version 12.00
# Visual Studio Version 16
VisualStudioVersion = 16.0.31205.134
MinimumVisualStudioVersion = 10.0.40219.1
Project("{FAE04EC0-301F-11D3-BF4B-00C04F79EFBC}") = "Desktop", "Desktop\Desktop.csproj", "{4C00389E-CA9A-47B4-88FF-5E7A0B6E6EA6}"
EndProject
Project("{FAE04EC0-301F-11D3-BF4B-00C04F79EFBC}") = "API", "API\API.csproj", "{6A2332A4-2B77-4DBC-8C7B-00CDA8AFAB9E}"
EndProject
Global
	GlobalSection(SolutionConfigurationPlatforms) = preSolution
		Debug|Any CPU = Debug|Any CPU
		Release|Any CPU = Release|Any CPU
	EndGlobalSection
	GlobalSection(ProjectConfigurationPlatforms) = postSolution
		{4C00389E-CA9A-47B4-88FF-5E7A0B6E6EA6}.Debug|Any CPU.ActiveCfg = Debug|Any CPU
		{4C00389E-CA9A-47B4-88FF-5E7A0B6E6EA6}.Debug|Any CPU.Build.0 = Debug|Any CPU
		{4C00389E-CA9A-47B4-88FF-5E7A0B6E6EA6}.Release|Any CPU.ActiveCfg = Release|Any CPU
		{4C00389E-CA9A-47B4-88FF-5E7A0B6E6EA6}.Release|Any CPU.Build.0 = Release|Any CPU
		{6A2332A4-2B77-4DBC-8C7B-00CDA8AFAB9E}.Debug|Any CPU.ActiveCfg = Debug|Any CPU
		{6A2332A4-2B77-4DBC-8C7B-00CDA8AFAB9E}.Debug|Any CPU.Build.0 = Debug|Any CPU
		{6A2332A4-2B77-4DBC-8C7B-00CDA8AFAB9E}.Release|Any CPU.ActiveCfg = Release|Any CPU
		{6A2332A4-2B77-4DBC-8C7B-00CDA8AFAB9E}.Release|Any CPU.Build.0 = Release|Any CPU
	EndGlobalSection
	GlobalSection(SolutionProperties) = preSolution
		HideSolutionNode = FALSE
	EndGlobalSection
	GlobalSection(ExtensibilityGlobals) = postSolution
		SolutionGuid = {A7787467-48A4-49F5-B9A1-C74874F227FB}
	EndGlobalSection
EndGlobal
